
Microsoft Visual Studio Solution File, Format Version 12.00
# Visual Studio Version 16
VisualStudioVersion = 16.0.31025.194
MinimumVisualStudioVersion = 10.0.40219.1
Project("{9A19103F-16F7-4668-BE54-9A1E7A4F7556}") = "pizza", "pizza\pizza.csproj", "{8300A537-0414-4F6E-B67A-B46EED09CFE5}"
EndProject
Project("{FAE04EC0-301F-11D3-BF4B-00C04F79EFBC}") = "ExchangesRateApi", "ExchangesRateApi\ExchangesRateApi.csproj", "{5F832DF3-DCE9-4D69-BF0D-C4FE5FD28363}"
EndProject
Global
	GlobalSection(SolutionConfigurationPlatforms) = preSolution
		Debug|Any CPU = Debug|Any CPU
		Release|Any CPU = Release|Any CPU
	EndGlobalSection
	GlobalSection(ProjectConfigurationPlatforms) = postSolution
		{8300A537-0414-4F6E-B67A-B46EED09CFE5}.Debug|Any CPU.ActiveCfg = Debug|Any CPU
		{8300A537-0414-4F6E-B67A-B46EED09CFE5}.Debug|Any CPU.Build.0 = Debug|Any CPU
		{8300A537-0414-4F6E-B67A-B46EED09CFE5}.Release|Any CPU.ActiveCfg = Release|Any CPU
		{8300A537-0414-4F6E-B67A-B46EED09CFE5}.Release|Any CPU.Build.0 = Release|Any CPU
		{5F832DF3-DCE9-4D69-BF0D-C4FE5FD28363}.Debug|Any CPU.ActiveCfg = Debug|Any CPU
		{5F832DF3-DCE9-4D69-BF0D-C4FE5FD28363}.Debug|Any CPU.Build.0 = Debug|Any CPU
		{5F832DF3-DCE9-4D69-BF0D-C4FE5FD28363}.Release|Any CPU.ActiveCfg = Release|Any CPU
		{5F832DF3-DCE9-4D69-BF0D-C4FE5FD28363}.Release|Any CPU.Build.0 = Release|Any CPU
	EndGlobalSection
	GlobalSection(SolutionProperties) = preSolution
		HideSolutionNode = FALSE
	EndGlobalSection
	GlobalSection(ExtensibilityGlobals) = postSolution
		SolutionGuid = {8FDB8F96-D913-48FB-9283-2806DBDDA300}
	EndGlobalSection
EndGlobal
